github.com/TwiN/go-color v1.4.0 h1:fNbOwOrvup5oj934UragnW0B1WKaAkkB85q19Y7h4ng=
github.com/TwiN/go-color v1.4.0/go.mod h1:0QTVEPlu+AoCyTrho7bXbVkrCkVpdQr7YF7PYWEtSxM=
github.com/aiur-adept/sameriver/v4 v4.0.1 h1:mapJx+y7smD5OWMiPBPXpDeHgplHV6mMeWOQ497J/2E=
github.com/aiur-adept/sameriver/v4 v4.0.1/go.mod h1:9KkD3pTXnxLd11aUNMMPyFtTWze2EOfrQQirvpbuZhA=
github.com/davecgh/go-spew v1.1.1 h1:vj9j/u1bqnvCEfJOwUhtlOARqs3+rkHYY13jYWTU97c=
github.com/dt-rush/sameriver/v2 v2.1.5 h1:BEYN6XklWRKDjWDJHuT0wiopXh2ulA5HCC5rowV2pn4=
github.com/dt-rush/sameriver/v2 v2.1.5/go.mod h1:aHA/eVGUvkoJKp049s4b+cOSBV8zHOudsiQ1kfTQMlY=
github.com/dt-rush/space-cats v0.0.0-20230201041852-413e5cb5472b h1:ao35BY1GnMOj1cV87Q33dc7MnJBWydT4Xbk18s5lOQg=
github.com/dt-rush/space-cats v0.0.0-20230201041852-413e5cb5472b/go.mod h1:ApH0Fn3buTrKYVqQ3+WW4TcA9mBex+2UkmbGgRi+PCg=
github.com/golang-collections/go-datastructures v0.0.0-20150211160725-59788d5eb259 h1:ZHJ7+IGpuOXtVf6Zk/a3WuHQgkC+vXwaqfUBDFwahtI=
github.com/golang-collections/go-datastructures v0.0.0-20150211160725-59788d5eb259/go.mod h1:9Qcha0gTWLw//0VNka1Cbnjvg3pNKGFdAm7E9sBabxE=
github.com/pmezard/go-difflib v1.0.0 h1:4DBwDE0NGyQoBHbLQYPwSUPoCMWR5BEzIk/f1lZbAQM=
github.com/stretchr/testify v1.8.1 h1:w7B6lhMri9wdJUVmEZPGGhZzrYTPvgJArz7wNPgYKsk=
github.com/veandco/go-sdl2 v0.4.40 h1:fZv6wC3zz1Xt167P09gazawnpa0KY5LM7JAvKpX9d/U=
github.com/veandco/go-sdl2 v0.4.40/go.mod h1:OROqMhHD43nT4/i9crJukyVecjPNYYuCofep6SNiAjY=
go.uber.org/atomic v1.11.0 h1:ZvwS0R+56ePWxUNi+Atn9dWONBPp/AUETXlHW0DxSjE=
go.uber.org/atomic v1.11.0/go.mod h1:LUxbIzbOniOlMKjJjyPfpl4v+PKK2cNJn91OQbhoJI0=
gopkg.in/check.v1 v0.0.0-20161208181325-20d25e280405/go.mod h1:Co6ibVJAznAaIkqp8huTwlJQCZ016jof/cbN4VW5Yz0=
gopkg.in/yaml.v3 v3.0.1 h1:fxVm/GzAzEWqLHuvctI91KS9hhNmmWOoWu0XTYJS7CA=
gopkg.in/yaml.v3 v3.0.1/go.mod h1:K4uyk7z7BCEPqu6E+C64Yfv1cQ7kz7rIZviUmN+EgEM=
